
Microsoft Visual Studio Solution File, Format Version 12.00
# Visual Studio Version 16
VisualStudioVersion = 16.0.30320.27
MinimumVisualStudioVersion = 10.0.40219.1
Project("{FAE04EC0-301F-11D3-BF4B-00C04F79EFBC}") = "FoodErp", "FoodErp.csproj", "{C6021DE2-64C4-4154-BF27-9A7799422BB9}"
EndProject
Global
	GlobalSection(SolutionConfigurationPlatforms) = preSolution
		Debug|Any CPU = Debug|Any CPU
		Release|Any CPU = Release|Any CPU
	EndGlobalSection
	GlobalSection(ProjectConfigurationPlatforms) = postSolution
		{C6021DE2-64C4-4154-BF27-9A7799422BB9}.Debug|Any CPU.ActiveCfg = Debug|Any CPU
		{C6021DE2-64C4-4154-BF27-9A7799422BB9}.Debug|Any CPU.Build.0 = Debug|Any CPU
		{C6021DE2-64C4-4154-BF27-9A7799422BB9}.Release|Any CPU.ActiveCfg = Release|Any CPU
		{C6021DE2-64C4-4154-BF27-9A7799422BB9}.Release|Any CPU.Build.0 = Release|Any CPU
	EndGlobalSection
	GlobalSection(SolutionProperties) = preSolution
		HideSolutionNode = FALSE
	EndGlobalSection
	GlobalSection(ExtensibilityGlobals) = postSolution
		SolutionGuid = {950899AF-9AFF-4B00-8162-F5740B656DA9}
	EndGlobalSection
EndGlobal
